
Microsoft Visual Studio Solution File, Format Version 12.00
# Visual Studio Version 17
VisualStudioVersion = 17.14.36327.8
MinimumVisualStudioVersion = 10.0.40219.1
Project("{2150E333-8FDC-42A3-9474-1A3956D46DE8}") = "Services", "Services", "{02EA681E-C7D8-13C7-8484-4AC65E1B71E8}"
EndProject
Project("{2150E333-8FDC-42A3-9474-1A3956D46DE8}") = "Shared", "Shared", "{D7BFF4DE-B65E-4584-A70C-22EA6DF778A6}"
EndProject
Project("{2150E333-8FDC-42A3-9474-1A3956D46DE8}") = "Gateway", "Gateway", "{B7CF7C63-1D27-4748-BAA5-B1C544549C70}"
EndProject
Project("{2150E333-8FDC-42A3-9474-1A3956D46DE8}") = "Web", "Web", "{9FC8BD98-CE92-4F78-A8CB-BCE479ABFF95}"
EndProject
Project("{2150E333-8FDC-42A3-9474-1A3956D46DE8}") = "Tests", "Tests", "{CAE04ABC-15D7-4C7F-96C9-FE2269F4D54A}"
EndProject
Project("{2150E333-8FDC-42A3-9474-1A3956D46DE8}") = "Infrastructure", "Infrastructure", "{6C1DCB42-6D27-4E77-974E-CF0A6A28E730}"
EndProject
Project("{2150E333-8FDC-42A3-9474-1A3956D46DE8}") = "User", "User", "{125872A2-B2BF-4DF8-9C3C-6E5456C63B48}"
EndProject
Project("{2150E333-8FDC-42A3-9474-1A3956D46DE8}") = "Route", "Route", "{E54DCCB3-AA4F-4FC3-960F-C39828692B0C}"
EndProject
Project("{2150E333-8FDC-42A3-9474-1A3956D46DE8}") = "Booking", "Booking", "{99E37C33-9CEC-41C8-8208-E9CFEC69EF36}"
EndProject
Project("{2150E333-8FDC-42A3-9474-1A3956D46DE8}") = "Payment", "Payment", "{A2E8D8F4-6499-41AF-B759-8890A77705A7}"
EndProject
Project("{2150E333-8FDC-42A3-9474-1A3956D46DE8}") = "Ticket", "Ticket", "{937DBBBE-3DF2-4F31-9133-E5C1CF1FD059}"
EndProject
Project("{FAE04EC0-301F-11D3-BF4B-00C04F79EFBC}") = "TransitAFC.Shared.Common", "Shared\Common\TransitAFC.Shared.Common\TransitAFC.Shared.Common.csproj", "{EB5D63B4-D144-42CE-BFD5-DEB905595B07}"
EndProject
Project("{FAE04EC0-301F-11D3-BF4B-00C04F79EFBC}") = "TransitAFC.Shared.Security", "Shared\Security\TransitAFC.Shared.Security\TransitAFC.Shared.Security.csproj", "{5B2F99A4-066F-4BB5-8532-0C1E4B93EA91}"
EndProject
Project("{FAE04EC0-301F-11D3-BF4B-00C04F79EFBC}") = "TransitAFC.Shared.GoogleCloud", "Shared\GoogleCloud\TransitAFC.Shared.GoogleCloud\TransitAFC.Shared.GoogleCloud.csproj", "{FA148127-AC27-482B-8C3E-FBCDF401CB1D}"
EndProject
Project("{FAE04EC0-301F-11D3-BF4B-00C04F79EFBC}") = "TransitAFC.Services.User.Core", "Services\User\TransitAFC.Services.User.Core\TransitAFC.Services.User.Core.csproj", "{3785D985-E578-453F-ABB7-6D9AF509856A}"
EndProject
Project("{FAE04EC0-301F-11D3-BF4B-00C04F79EFBC}") = "TransitAFC.Services.User.Infrastructure", "Services\User\TransitAFC.Services.User.Infrastructure\TransitAFC.Services.User.Infrastructure.csproj", "{AF7D419C-5B32-4B4F-9B0F-BD784D309A5E}"
EndProject
Project("{FAE04EC0-301F-11D3-BF4B-00C04F79EFBC}") = "TransitAFC.Services.User.API", "Services\User\TransitAFC.Services.User.API\TransitAFC.Services.User.API.csproj", "{FBA3986E-B92D-4005-BBDF-4897CB815B17}"
EndProject
Project("{2150E333-8FDC-42A3-9474-1A3956D46DE8}") = "Solution Items", "Solution Items", "{8EC462FD-D22E-90A8-E5CE-7E832BA40C5D}"
	ProjectSection(SolutionItems) = preProject
		docker-compose.yml = docker-compose.yml
	EndProjectSection
EndProject
Project("{FAE04EC0-301F-11D3-BF4B-00C04F79EFBC}") = "TransitAFC.Services.Route.Core", "Services\Route\TransitAFC.Services.Route.Core\TransitAFC.Services.Route.Core.csproj", "{98130ABE-1F02-4EBB-BF66-610F514816C3}"
EndProject
Project("{FAE04EC0-301F-11D3-BF4B-00C04F79EFBC}") = "TransitAFC.Services.Route.Infrastructure", "Services\Route\TransitAFC.Services.Route.Infrastructure\TransitAFC.Services.Route.Infrastructure.csproj", "{B430B868-624F-4D13-A83C-A6E3511E74CA}"
EndProject
Project("{FAE04EC0-301F-11D3-BF4B-00C04F79EFBC}") = "TransitAFC.Services.Route.API", "Services\Route\TransitAFC.Services.Route.API\TransitAFC.Services.Route.API.csproj", "{D05DA444-3424-4E90-B3B5-E9BBC1BA5F23}"
EndProject
Project("{FAE04EC0-301F-11D3-BF4B-00C04F79EFBC}") = "TransitAFC.Services.Booking.Core", "Services\Booking\TransitAFC.Services.Booking.Core\TransitAFC.Services.Booking.Core.csproj", "{3D2C5A64-0337-4F1A-8C16-B59FBBAD019B}"
EndProject
Project("{FAE04EC0-301F-11D3-BF4B-00C04F79EFBC}") = "TransitAFC.Services.Booking.Infrastructure", "Services\Booking\TransitAFC.Services.Booking.Infrastructure\TransitAFC.Services.Booking.Infrastructure.csproj", "{4F139700-8BED-4238-B48A-396B9C7B7A87}"
EndProject
Project("{FAE04EC0-301F-11D3-BF4B-00C04F79EFBC}") = "TransitAFC.Services.Booking.API", "Services\Booking\TransitAFC.Services.Booking.API\TransitAFC.Services.Booking.API.csproj", "{A43B1F86-8D55-47A2-8458-27D0DFAE2D19}"
EndProject
Project("{FAE04EC0-301F-11D3-BF4B-00C04F79EFBC}") = "TransitAFC.Services.Payment.Core", "Services\Payment\TransitAFC.Services.Payment.Core\TransitAFC.Services.Payment.Core.csproj", "{F31D1077-E934-4D42-A0CA-ADE0D6D4B8AE}"
EndProject
Project("{FAE04EC0-301F-11D3-BF4B-00C04F79EFBC}") = "TransitAFC.Services.Payment.Infrastructure", "Services\Payment\TransitAFC.Services.Payment.Infrastructure\TransitAFC.Services.Payment.Infrastructure.csproj", "{38DFFEDE-35EB-4DC3-9514-86A43D090477}"
EndProject
Project("{FAE04EC0-301F-11D3-BF4B-00C04F79EFBC}") = "TransitAFC.Services.Payment.API", "Services\Payment\TransitAFC.Services.Payment.API\TransitAFC.Services.Payment.API.csproj", "{5BF602D9-A9BB-44BA-BA61-F3BA6C98DFDA}"
EndProject
Project("{FAE04EC0-301F-11D3-BF4B-00C04F79EFBC}") = "TransitAFC.Services.Ticket.Core", "Services\Ticket\TransitAFC.Services.Ticket.Core\TransitAFC.Services.Ticket.Core.csproj", "{080E7653-ECD3-4D66-A89A-62F586BC813B}"
EndProject
Project("{FAE04EC0-301F-11D3-BF4B-00C04F79EFBC}") = "TransitAFC.Services.Ticket.Infrastructure", "Services\Ticket\TransitAFC.Services.Ticket.Infrastructure\TransitAFC.Services.Ticket.Infrastructure.csproj", "{9294BAFC-B2EF-4827-AF02-3EC802C11BD2}"
EndProject
Project("{FAE04EC0-301F-11D3-BF4B-00C04F79EFBC}") = "TransitAFC.Services.Ticket.API", "Services\Ticket\TransitAFC.Services.Ticket.API\TransitAFC.Services.Ticket.API.csproj", "{3BD00D5B-BF6C-4DFC-A5F6-5A02469FEE0C}"
EndProject
Project("{FAE04EC0-301F-11D3-BF4B-00C04F79EFBC}") = "TransitAFC.Gateway", "Gateway\TransitAFC.Gateway\TransitAFC.Gateway.csproj", "{82A82BCF-EF66-4A0D-882A-06B273DFDE72}"
EndProject
Project("{FAE04EC0-301F-11D3-BF4B-00C04F79EFBC}") = "Infrastructure", "Shared\Infrastructure\Infrastructure\Infrastructure.csproj", "{47974AF9-1AF3-4632-8274-C92EF5FB1BF6}"
EndProject
Global
	GlobalSection(SolutionConfigurationPlatforms) = preSolution
		Debug|Any CPU = Debug|Any CPU
		Release|Any CPU = Release|Any CPU
	EndGlobalSection
	GlobalSection(ProjectConfigurationPlatforms) = postSolution
		{EB5D63B4-D144-42CE-BFD5-DEB905595B07}.Debug|Any CPU.ActiveCfg = Debug|Any CPU
		{EB5D63B4-D144-42CE-BFD5-DEB905595B07}.Debug|Any CPU.Build.0 = Debug|Any CPU
		{EB5D63B4-D144-42CE-BFD5-DEB905595B07}.Release|Any CPU.ActiveCfg = Release|Any CPU
		{EB5D63B4-D144-42CE-BFD5-DEB905595B07}.Release|Any CPU.Build.0 = Release|Any CPU
		{5B2F99A4-066F-4BB5-8532-0C1E4B93EA91}.Debug|Any CPU.ActiveCfg = Debug|Any CPU
		{5B2F99A4-066F-4BB5-8532-0C1E4B93EA91}.Debug|Any CPU.Build.0 = Debug|Any CPU
		{5B2F99A4-066F-4BB5-8532-0C1E4B93EA91}.Release|Any CPU.ActiveCfg = Release|Any CPU
		{5B2F99A4-066F-4BB5-8532-0C1E4B93EA91}.Release|Any CPU.Build.0 = Release|Any CPU
		{FA148127-AC27-482B-8C3E-FBCDF401CB1D}.Debug|Any CPU.ActiveCfg = Debug|Any CPU
		{FA148127-AC27-482B-8C3E-FBCDF401CB1D}.Debug|Any CPU.Build.0 = Debug|Any CPU
		{FA148127-AC27-482B-8C3E-FBCDF401CB1D}.Release|Any CPU.ActiveCfg = Release|Any CPU
		{FA148127-AC27-482B-8C3E-FBCDF401CB1D}.Release|Any CPU.Build.0 = Release|Any CPU
		{3785D985-E578-453F-ABB7-6D9AF509856A}.Debug|Any CPU.ActiveCfg = Debug|Any CPU
		{3785D985-E578-453F-ABB7-6D9AF509856A}.Debug|Any CPU.Build.0 = Debug|Any CPU
		{3785D985-E578-453F-ABB7-6D9AF509856A}.Release|Any CPU.ActiveCfg = Release|Any CPU
		{3785D985-E578-453F-ABB7-6D9AF509856A}.Release|Any CPU.Build.0 = Release|Any CPU
		{AF7D419C-5B32-4B4F-9B0F-BD784D309A5E}.Debug|Any CPU.ActiveCfg = Debug|Any CPU
		{AF7D419C-5B32-4B4F-9B0F-BD784D309A5E}.Debug|Any CPU.Build.0 = Debug|Any CPU
		{AF7D419C-5B32-4B4F-9B0F-BD784D309A5E}.Release|Any CPU.ActiveCfg = Release|Any CPU
		{AF7D419C-5B32-4B4F-9B0F-BD784D309A5E}.Release|Any CPU.Build.0 = Release|Any CPU
		{FBA3986E-B92D-4005-BBDF-4897CB815B17}.Debug|Any CPU.ActiveCfg = Debug|Any CPU
		{FBA3986E-B92D-4005-BBDF-4897CB815B17}.Debug|Any CPU.Build.0 = Debug|Any CPU
		{FBA3986E-B92D-4005-BBDF-4897CB815B17}.Release|Any CPU.ActiveCfg = Release|Any CPU
		{FBA3986E-B92D-4005-BBDF-4897CB815B17}.Release|Any CPU.Build.0 = Release|Any CPU
		{98130ABE-1F02-4EBB-BF66-610F514816C3}.Debug|Any CPU.ActiveCfg = Debug|Any CPU
		{98130ABE-1F02-4EBB-BF66-610F514816C3}.Debug|Any CPU.Build.0 = Debug|Any CPU
		{98130ABE-1F02-4EBB-BF66-610F514816C3}.Release|Any CPU.ActiveCfg = Release|Any CPU
		{98130ABE-1F02-4EBB-BF66-610F514816C3}.Release|Any CPU.Build.0 = Release|Any CPU
		{B430B868-624F-4D13-A83C-A6E3511E74CA}.Debug|Any CPU.ActiveCfg = Debug|Any CPU
		{B430B868-624F-4D13-A83C-A6E3511E74CA}.Debug|Any CPU.Build.0 = Debug|Any CPU
		{B430B868-624F-4D13-A83C-A6E3511E74CA}.Release|Any CPU.ActiveCfg = Release|Any CPU
		{B430B868-624F-4D13-A83C-A6E3511E74CA}.Release|Any CPU.Build.0 = Release|Any CPU
		{D05DA444-3424-4E90-B3B5-E9BBC1BA5F23}.Debug|Any CPU.ActiveCfg = Debug|Any CPU
		{D05DA444-3424-4E90-B3B5-E9BBC1BA5F23}.Debug|Any CPU.Build.0 = Debug|Any CPU
		{D05DA444-3424-4E90-B3B5-E9BBC1BA5F23}.Release|Any CPU.ActiveCfg = Release|Any CPU
		{D05DA444-3424-4E90-B3B5-E9BBC1BA5F23}.Release|Any CPU.Build.0 = Release|Any CPU
		{3D2C5A64-0337-4F1A-8C16-B59FBBAD019B}.Debug|Any CPU.ActiveCfg = Debug|Any CPU
		{3D2C5A64-0337-4F1A-8C16-B59FBBAD019B}.Debug|Any CPU.Build.0 = Debug|Any CPU
		{3D2C5A64-0337-4F1A-8C16-B59FBBAD019B}.Release|Any CPU.ActiveCfg = Release|Any CPU
		{3D2C5A64-0337-4F1A-8C16-B59FBBAD019B}.Release|Any CPU.Build.0 = Release|Any CPU
		{4F139700-8BED-4238-B48A-396B9C7B7A87}.Debug|Any CPU.ActiveCfg = Debug|Any CPU
		{4F139700-8BED-4238-B48A-396B9C7B7A87}.Debug|Any CPU.Build.0 = Debug|Any CPU
		{4F139700-8BED-4238-B48A-396B9C7B7A87}.Release|Any CPU.ActiveCfg = Release|Any CPU
		{4F139700-8BED-4238-B48A-396B9C7B7A87}.Release|Any CPU.Build.0 = Release|Any CPU
		{A43B1F86-8D55-47A2-8458-27D0DFAE2D19}.Debug|Any CPU.ActiveCfg = Debug|Any CPU
		{A43B1F86-8D55-47A2-8458-27D0DFAE2D19}.Debug|Any CPU.Build.0 = Debug|Any CPU
		{A43B1F86-8D55-47A2-8458-27D0DFAE2D19}.Release|Any CPU.ActiveCfg = Release|Any CPU
		{A43B1F86-8D55-47A2-8458-27D0DFAE2D19}.Release|Any CPU.Build.0 = Release|Any CPU
		{F31D1077-E934-4D42-A0CA-ADE0D6D4B8AE}.Debug|Any CPU.ActiveCfg = Debug|Any CPU
		{F31D1077-E934-4D42-A0CA-ADE0D6D4B8AE}.Debug|Any CPU.Build.0 = Debug|Any CPU
		{F31D1077-E934-4D42-A0CA-ADE0D6D4B8AE}.Release|Any CPU.ActiveCfg = Release|Any CPU
		{F31D1077-E934-4D42-A0CA-ADE0D6D4B8AE}.Release|Any CPU.Build.0 = Release|Any CPU
		{38DFFEDE-35EB-4DC3-9514-86A43D090477}.Debug|Any CPU.ActiveCfg = Debug|Any CPU
		{38DFFEDE-35EB-4DC3-9514-86A43D090477}.Debug|Any CPU.Build.0 = Debug|Any CPU
		{38DFFEDE-35EB-4DC3-9514-86A43D090477}.Release|Any CPU.ActiveCfg = Release|Any CPU
		{38DFFEDE-35EB-4DC3-9514-86A43D090477}.Release|Any CPU.Build.0 = Release|Any CPU
		{5BF602D9-A9BB-44BA-BA61-F3BA6C98DFDA}.Debug|Any CPU.ActiveCfg = Debug|Any CPU
		{5BF602D9-A9BB-44BA-BA61-F3BA6C98DFDA}.Debug|Any CPU.Build.0 = Debug|Any CPU
		{5BF602D9-A9BB-44BA-BA61-F3BA6C98DFDA}.Release|Any CPU.ActiveCfg = Release|Any CPU
		{5BF602D9-A9BB-44BA-BA61-F3BA6C98DFDA}.Release|Any CPU.Build.0 = Release|Any CPU
		{080E7653-ECD3-4D66-A89A-62F586BC813B}.Debug|Any CPU.ActiveCfg = Debug|Any CPU
		{080E7653-ECD3-4D66-A89A-62F586BC813B}.Debug|Any CPU.Build.0 = Debug|Any CPU
		{080E7653-ECD3-4D66-A89A-62F586BC813B}.Release|Any CPU.ActiveCfg = Release|Any CPU
		{080E7653-ECD3-4D66-A89A-62F586BC813B}.Release|Any CPU.Build.0 = Release|Any CPU
		{9294BAFC-B2EF-4827-AF02-3EC802C11BD2}.Debug|Any CPU.ActiveCfg = Debug|Any CPU
		{9294BAFC-B2EF-4827-AF02-3EC802C11BD2}.Debug|Any CPU.Build.0 = Debug|Any CPU
		{9294BAFC-B2EF-4827-AF02-3EC802C11BD2}.Release|Any CPU.ActiveCfg = Release|Any CPU
		{9294BAFC-B2EF-4827-AF02-3EC802C11BD2}.Release|Any CPU.Build.0 = Release|Any CPU
		{3BD00D5B-BF6C-4DFC-A5F6-5A02469FEE0C}.Debug|Any CPU.ActiveCfg = Debug|Any CPU
		{3BD00D5B-BF6C-4DFC-A5F6-5A02469FEE0C}.Debug|Any CPU.Build.0 = Debug|Any CPU
		{3BD00D5B-BF6C-4DFC-A5F6-5A02469FEE0C}.Release|Any CPU.ActiveCfg = Release|Any CPU
		{3BD00D5B-BF6C-4DFC-A5F6-5A02469FEE0C}.Release|Any CPU.Build.0 = Release|Any CPU
		{82A82BCF-EF66-4A0D-882A-06B273DFDE72}.Debug|Any CPU.ActiveCfg = Debug|Any CPU
		{82A82BCF-EF66-4A0D-882A-06B273DFDE72}.Debug|Any CPU.Build.0 = Debug|Any CPU
		{82A82BCF-EF66-4A0D-882A-06B273DFDE72}.Release|Any CPU.ActiveCfg = Release|Any CPU
		{82A82BCF-EF66-4A0D-882A-06B273DFDE72}.Release|Any CPU.Build.0 = Release|Any CPU
		{47974AF9-1AF3-4632-8274-C92EF5FB1BF6}.Debug|Any CPU.ActiveCfg = Debug|Any CPU
		{47974AF9-1AF3-4632-8274-C92EF5FB1BF6}.Debug|Any CPU.Build.0 = Debug|Any CPU
		{47974AF9-1AF3-4632-8274-C92EF5FB1BF6}.Release|Any CPU.ActiveCfg = Release|Any CPU
		{47974AF9-1AF3-4632-8274-C92EF5FB1BF6}.Release|Any CPU.Build.0 = Release|Any CPU
	EndGlobalSection
	GlobalSection(SolutionProperties) = preSolution
		HideSolutionNode = FALSE
	EndGlobalSection
	GlobalSection(NestedProjects) = preSolution
		{125872A2-B2BF-4DF8-9C3C-6E5456C63B48} = {02EA681E-C7D8-13C7-8484-4AC65E1B71E8}
		{E54DCCB3-AA4F-4FC3-960F-C39828692B0C} = {02EA681E-C7D8-13C7-8484-4AC65E1B71E8}
		{99E37C33-9CEC-41C8-8208-E9CFEC69EF36} = {02EA681E-C7D8-13C7-8484-4AC65E1B71E8}
		{A2E8D8F4-6499-41AF-B759-8890A77705A7} = {02EA681E-C7D8-13C7-8484-4AC65E1B71E8}
		{937DBBBE-3DF2-4F31-9133-E5C1CF1FD059} = {02EA681E-C7D8-13C7-8484-4AC65E1B71E8}
		{EB5D63B4-D144-42CE-BFD5-DEB905595B07} = {D7BFF4DE-B65E-4584-A70C-22EA6DF778A6}
		{5B2F99A4-066F-4BB5-8532-0C1E4B93EA91} = {D7BFF4DE-B65E-4584-A70C-22EA6DF778A6}
		{FA148127-AC27-482B-8C3E-FBCDF401CB1D} = {D7BFF4DE-B65E-4584-A70C-22EA6DF778A6}
		{3785D985-E578-453F-ABB7-6D9AF509856A} = {125872A2-B2BF-4DF8-9C3C-6E5456C63B48}
		{AF7D419C-5B32-4B4F-9B0F-BD784D309A5E} = {125872A2-B2BF-4DF8-9C3C-6E5456C63B48}
		{FBA3986E-B92D-4005-BBDF-4897CB815B17} = {125872A2-B2BF-4DF8-9C3C-6E5456C63B48}
		{98130ABE-1F02-4EBB-BF66-610F514816C3} = {E54DCCB3-AA4F-4FC3-960F-C39828692B0C}
		{B430B868-624F-4D13-A83C-A6E3511E74CA} = {E54DCCB3-AA4F-4FC3-960F-C39828692B0C}
		{D05DA444-3424-4E90-B3B5-E9BBC1BA5F23} = {E54DCCB3-AA4F-4FC3-960F-C39828692B0C}
		{3D2C5A64-0337-4F1A-8C16-B59FBBAD019B} = {99E37C33-9CEC-41C8-8208-E9CFEC69EF36}
		{4F139700-8BED-4238-B48A-396B9C7B7A87} = {99E37C33-9CEC-41C8-8208-E9CFEC69EF36}
		{A43B1F86-8D55-47A2-8458-27D0DFAE2D19} = {99E37C33-9CEC-41C8-8208-E9CFEC69EF36}
		{F31D1077-E934-4D42-A0CA-ADE0D6D4B8AE} = {A2E8D8F4-6499-41AF-B759-8890A77705A7}
		{38DFFEDE-35EB-4DC3-9514-86A43D090477} = {A2E8D8F4-6499-41AF-B759-8890A77705A7}
		{5BF602D9-A9BB-44BA-BA61-F3BA6C98DFDA} = {A2E8D8F4-6499-41AF-B759-8890A77705A7}
		{080E7653-ECD3-4D66-A89A-62F586BC813B} = {937DBBBE-3DF2-4F31-9133-E5C1CF1FD059}
		{9294BAFC-B2EF-4827-AF02-3EC802C11BD2} = {937DBBBE-3DF2-4F31-9133-E5C1CF1FD059}
		{3BD00D5B-BF6C-4DFC-A5F6-5A02469FEE0C} = {937DBBBE-3DF2-4F31-9133-E5C1CF1FD059}
		{82A82BCF-EF66-4A0D-882A-06B273DFDE72} = {B7CF7C63-1D27-4748-BAA5-B1C544549C70}
		{47974AF9-1AF3-4632-8274-C92EF5FB1BF6} = {D7BFF4DE-B65E-4584-A70C-22EA6DF778A6}
	EndGlobalSection
	GlobalSection(ExtensibilityGlobals) = postSolution
		SolutionGuid = {9FA6F400-F48E-48E8-BC97-AD3201EEBB65}
	EndGlobalSection
EndGlobal
